
Microsoft Visual Studio Solution File, Format Version 12.00
# Visual Studio Version 17
VisualStudioVersion = 17.8.34511.84
MinimumVisualStudioVersion = 10.0.40219.1
Project("{8BC9CEB8-8B4A-11D0-8D11-00A0C91BC942}") = "Project1", "Project1.vcxproj", "{C59F284F-0B34-4372-80BD-C6DBFA080BA8}"
EndProject
Global
	GlobalSection(SolutionConfigurationPlatforms) = preSolution
		Debug|x64 = Debug|x64
		Debug|x86 = Debug|x86
		Release|x64 = Release|x64
		Release|x86 = Release|x86
	EndGlobalSection
	GlobalSection(ProjectConfigurationPlatforms) = postSolution
		{C59F284F-0B34-4372-80BD-C6DBFA080BA8}.Debug|x64.ActiveCfg = Debug|x64
		{C59F284F-0B34-4372-80BD-C6DBFA080BA8}.Debug|x64.Build.0 = Debug|x64
		{C59F284F-0B34-4372-80BD-C6DBFA080BA8}.Debug|x86.ActiveCfg = Debug|Win32
		{C59F284F-0B34-4372-80BD-C6DBFA080BA8}.Debug|x86.Build.0 = Debug|Win32
		{C59F284F-0B34-4372-80BD-C6DBFA080BA8}.Release|x64.ActiveCfg = Release|x64
		{C59F284F-0B34-4372-80BD-C6DBFA080BA8}.Release|x64.Build.0 = Release|x64
		{C59F284F-0B34-4372-80BD-C6DBFA080BA8}.Release|x86.ActiveCfg = Release|Win32
		{C59F284F-0B34-4372-80BD-C6DBFA080BA8}.Release|x86.Build.0 = Release|Win32
	EndGlobalSection
	GlobalSection(SolutionProperties) = preSolution
		HideSolutionNode = FALSE
	EndGlobalSection
	GlobalSection(ExtensibilityGlobals) = postSolution
		SolutionGuid = {3F8F4C9C-EE72-4D85-8D58-199A020536CA}
	EndGlobalSection
EndGlobal
